
Microsoft Visual Studio Solution File, Format Version 12.00
# Visual Studio Version 16
VisualStudioVersion = 16.0.33529.622
MinimumVisualStudioVersion = 10.0.40219.1
Project("{FAE04EC0-301F-11D3-BF4B-00C04F79EFBC}") = "Fireworks in WF", "Fireworks in WF\Fireworks in WF.csproj", "{9B08725B-C747-4DE1-9F79-8DC801B1E32A}"
EndProject
Global
	GlobalSection(SolutionConfigurationPlatforms) = preSolution
		Debug|Any CPU = Debug|Any CPU
		Release|Any CPU = Release|Any CPU
	EndGlobalSection
	GlobalSection(ProjectConfigurationPlatforms) = postSolution
		{9B08725B-C747-4DE1-9F79-8DC801B1E32A}.Debug|Any CPU.ActiveCfg = Debug|Any CPU
		{9B08725B-C747-4DE1-9F79-8DC801B1E32A}.Debug|Any CPU.Build.0 = Debug|Any CPU
		{9B08725B-C747-4DE1-9F79-8DC801B1E32A}.Release|Any CPU.ActiveCfg = Release|Any CPU
		{9B08725B-C747-4DE1-9F79-8DC801B1E32A}.Release|Any CPU.Build.0 = Release|Any CPU
	EndGlobalSection
	GlobalSection(SolutionProperties) = preSolution
		HideSolutionNode = FALSE
	EndGlobalSection
	GlobalSection(ExtensibilityGlobals) = postSolution
		SolutionGuid = {41C3A5A5-B677-4804-9D18-1A78001C6A3C}
	EndGlobalSection
EndGlobal
